// !$*UTF8*$!
{
	archiveVersion = 1;
	classes = {
	};
	objectVersion = 46;
	objects = {

/* Begin PBXBuildFile section */
		B76325791D080B8400DF2822 /* ButtonCustom.swift in Sources */ = {isa = PBXBuildFile; fileRef = B76325781D080B8400DF2822 /* ButtonCustom.swift */; };
		B7AD8A4E1CE31F37000D587B /* toRPN.swift in Sources */ = {isa = PBXBuildFile; fileRef = B7AD8A4D1CE31F37000D587B /* toRPN.swift */; };
		EBB43DEF1C852C09000F6405 /* AppDelegate.swift in Sources */ = {isa = PBXBuildFile; fileRef = EBB43DEE1C852C09000F6405 /* AppDelegate.swift */; };
		EBB43DF11C852C09000F6405 /* ViewController.swift in Sources */ = {isa = PBXBuildFile; fileRef = EBB43DF01C852C09000F6405 /* ViewController.swift */; };
		EBB43DF41C852C09000F6405 /* Main.storyboard in Resources */ = {isa = PBXBuildFile; fileRef = EBB43DF21C852C09000F6405 /* Main.storyboard */; };
		EBB43DF61C852C09000F6405 /* Assets.xcassets in Resources */ = {isa = PBXBuildFile; fileRef = EBB43DF51C852C09000F6405 /* Assets.xcassets */; };
		EBB43DF91C852C09000F6405 /* LaunchScreen.storyboard in Resources */ = {isa = PBXBuildFile; fileRef = EBB43DF71C852C09000F6405 /* LaunchScreen.storyboard */; };
/* End PBXBuildFile section */

/* Begin PBXFileReference section */
		B76325781D080B8400DF2822 /* ButtonCustom.swift */ = {isa = PBXFileReference; fileEncoding = 4; lastKnownFileType = sourcecode.swift; path = ButtonCustom.swift; sourceTree = "<group>"; };
		B7AD8A4D1CE31F37000D587B /* toRPN.swift */ = {isa = PBXFileReference; fileEncoding = 4; lastKnownFileType = sourcecode.swift; path = toRPN.swift; sourceTree = "<group>"; };
		EBB43DEB1C852C09000F6405 /* Calculator.app */ = {isa = PBXFileReference; explicitFileType = wrapper.application; includeInIndex = 0; path = Calculator.app; sourceTree = BUILT_PRODUCTS_DIR; };
		EBB43DEE1C852C09000F6405 /* AppDelegate.swift */ = {isa = PBXFileReference; lastKnownFileType = sourcecode.swift; path = AppDelegate.swift; sourceTree = "<group>"; };
		EBB43DF01C852C09000F6405 /* ViewController.swift */ = {isa = PBXFileReference; lastKnownFileType = sourcecode.swift; path = ViewController.swift; sourceTree = "<group>"; };
		EBB43DF31C852C09000F6405 /* Base */ = {isa = PBXFileReference; lastKnownFileType = file.storyboard; name = Base; path = Base.lproj/Main.storyboard; sourceTree = "<group>"; };
		EBB43DF51C852C09000F6405 /* Assets.xcassets */ = {isa = PBXFileReference; lastKnownFileType = folder.assetcatalog; path = Assets.xcassets; sourceTree = "<group>"; };
		EBB43DF81C852C09000F6405 /* Base */ = {isa = PBXFileReference; lastKnownFileType = file.storyboard; name = Base; path = Base.lproj/LaunchScreen.storyboard; sourceTree = "<group>"; };
		EBB43DFA1C852C09000F6405 /* Info.plist */ = {isa = PBXFileReference; lastKnownFileType = text.plist.xml; path = Info.plist; sourceTree = "<group>"; };
/* End PBXFileReference section */

/* Begin PBXFrameworksBuildPhase section */
		EBB43DE81C852C09000F6405 /* Frameworks */ = {
			isa = PBXFrameworksBuildPhase;
			buildActionMask = 2147483647;
			files = (
			);
			runOnlyForDeploymentPostprocessing = 0;
		};
/* End PBXFrameworksBuildPhase section */

/* Begin PBXGroup section */
		EBB43DE21C852C09000F6405 = {
			isa = PBXGroup;
			children = (
				EBB43DED1C852C09000F6405 /* Calculator */,
				EBB43DEC1C852C09000F6405 /* Products */,
			);
			sourceTree = "<group>";
		};
		EBB43DEC1C852C09000F6405 /* Products */ = {
			isa = PBXGroup;
			children = (
				EBB43DEB1C852C09000F6405 /* Calculator.app */,
			);
			name = Products;
			sourceTree = "<group>";
		};
		EBB43DED1C852C09000F6405 /* Calculator */ = {
			isa = PBXGroup;
			children = (
				B7AD8A4D1CE31F37000D587B /* toRPN.swift */,
				EBB43DEE1C852C09000F6405 /* AppDelegate.swift */,
				EBB43DF01C852C09000F6405 /* ViewController.swift */,
				EBB43DF21C852C09000F6405 /* Main.storyboard */,
				B76325781D080B8400DF2822 /* ButtonCustom.swift */,
				EBB43DF51C852C09000F6405 /* Assets.xcassets */,
				EBB43DF71C852C09000F6405 /* LaunchScreen.storyboard */,
				EBB43DFA1C852C09000F6405 /* Info.plist */,
			);
			path = Calculator;
			sourceTree = "<group>";
		};
/* End PBXGroup section */

/* Begin PBXNativeTarget section */
		EBB43DEA1C852C09000F6405 /* Calculator */ = {
			isa = PBXNativeTarget;
			buildConfigurationList = EBB43DFD1C852C09000F6405 /* Build configuration list for PBXNativeTarget "Calculator" */;
			buildPhases = (
				EBB43DE71C852C09000F6405 /* Sources */,
				EBB43DE81C852C09000F6405 /* Frameworks */,
				EBB43DE91C852C09000F6405 /* Resources */,
			);
			buildRules = (
			);
			dependencies = (
			);
			name = Calculator;
			productName = Calculator;
			productReference = EBB43DEB1C852C09000F6405 /* Calculator.app */;
			productType = "com.apple.product-type.application";
		};
/* End PBXNativeTarget section */

/* Begin PBXProject section */
		EBB43DE31C852C09000F6405 /* Project object */ = {
			isa = PBXProject;
			attributes = {
				LastSwiftUpdateCheck = 0730;
				LastUpgradeCheck = 0720;
				ORGANIZATIONNAME = mycompany;
				TargetAttributes = {
					EBB43DEA1C852C09000F6405 = {
						CreatedOnToolsVersion = 7.2.1;
						DevelopmentTeam = MB2GLZGUVP;
					};
				};
			};
			buildConfigurationList = EBB43DE61C852C09000F6405 /* Build configuration list for PBXProject "Calculator" */;
			compatibilityVersion = "Xcode 3.2";
			developmentRegion = English;
			hasScannedForEncodings = 0;
			knownRegions = (
				en,
				Base,
			);
			mainGroup = EBB43DE21C852C09000F6405;
			productRefGroup = EBB43DEC1C852C09000F6405 /* Products */;
			projectDirPath = "";
			projectRoot = "";
			targets = (
				EBB43DEA1C852C09000F6405 /* Calculator */,
			);
		};
/* End PBXProject section */

/* Begin PBXResourcesBuildPhase section */
		EBB43DE91C852C09000F6405 /* Resources */ = {
			isa = PBXResourcesBuildPhase;
			buildActionMask = 2147483647;
			files = (
				EBB43DF91C852C09000F6405 /* LaunchScreen.storyboard in Resources */,
				EBB43DF61C852C09000F6405 /* Assets.xcassets in Resources */,
				EBB43DF41C852C09000F6405 /* Main.storyboard in Resources */,
			);
			runOnlyForDeploymentPostprocessing = 0;
		};
/* End PBXResourcesBuildPhase section */

/* Begin PBXSourcesBuildPhase section */
		EBB43DE71C852C09000F6405 /* Sources */ = {
			isa = PBXSourcesBuildPhase;
			buildActionMask = 2147483647;
			files = (
				B76325791D080B8400DF2822 /* ButtonCustom.swift in Sources */,
				B7AD8A4E1CE31F37000D587B /* toRPN.swift in Sources */,
				EBB43DF11C852C09000F6405 /* ViewController.swift in Sources */,
				EBB43DEF1C852C09000F6405 /* AppDelegate.swift in Sources */,
			);
			runOnlyForDeploymentPostprocessing = 0;
		};
/* End PBXSourcesBuildPhase section */

/* Begin PBXVariantGroup section */
		EBB43DF21C852C09000F6405 /* Main.storyboard */ = {
			isa = PBXVariantGroup;
			children = (
				EBB43DF31C852C09000F6405 /* Base */,
			);
			name = Main.storyboard;
			sourceTree = "<group>";
		};
		EBB43DF71C852C09000F6405 /* LaunchScreen.storyboard */ = {
			isa = PBXVariantGroup;
			children = (
				EBB43DF81C852C09000F6405 /* Base */,
			);
			name = LaunchScreen.storyboard;
			sourceTree = "<group>";
		};
/* End PBXVariantGroup section */

/* Begin XCBuildConfiguration section */
		EBB43DFB1C852C09000F6405 /* Debug */ = {
			isa = XCBuildConfiguration;
			buildSettings = {
				ALWAYS_SEARCH_USER_PATHS = NO;
				CLANG_CXX_LANGUAGE_STANDARD = "gnu++0x";
				CLANG_CXX_LIBRARY = "libc++";
				CLANG_ENABLE_MODULES = YES;
				CLANG_ENABLE_OBJC_ARC = YES;
				CLANG_WARN_BOOL_CONVERSION = YES;
				CLANG_WARN_CONSTANT_CONVERSION = YES;
				CLANG_WARN_DIRECT_OBJC_ISA_USAGE = YES_ERROR;
				CLANG_WARN_EMPTY_BODY = YES;
				CLANG_WARN_ENUM_CONVERSION = YES;
				CLANG_WARN_INT_CONVERSION = YES;
				CLANG_WARN_OBJC_ROOT_CLASS = YES_ERROR;
				CLANG_WARN_UNREACHABLE_CODE = YES;
				CLANG_WARN__DUPLICATE_METHOD_MATCH = YES;
				CODE_SIGN_IDENTITY = "iPhone Developer: demizu.1203@gmail.com (F95LGT4RVR)";
				"CODE_SIGN_IDENTITY[sdk=iphoneos*]" = "iPhone Developer: demizu.1203@gmail.com (F95LGT4RVR)";
				COPY_PHASE_STRIP = NO;
				DEBUG_INFORMATION_FORMAT = dwarf;
				ENABLE_STRICT_OBJC_MSGSEND = YES;
				ENABLE_TESTABILITY = YES;
				GCC_C_LANGUAGE_STANDARD = gnu99;
				GCC_DYNAMIC_NO_PIC = NO;
				GCC_NO_COMMON_BLOCKS = YES;
				GCC_OPTIMIZATION_LEVEL = 0;
				GCC_PREPROCESSOR_DEFINITIONS = (
					"DEBUG=1",
					"$(inherited)",
				);
				GCC_WARN_64_TO_32_BIT_CONVERSION = YES;
				GCC_WARN_ABOUT_RETURN_TYPE = YES_ERROR;
				GCC_WARN_UNDECLARED_SELECTOR = YES;
				GCC_WARN_UNINITIALIZED_AUTOS = YES_AGGRESSIVE;
				GCC_WARN_UNUSED_FUNCTION = YES;
				GCC_WARN_UNUSED_VARIABLE = YES;
				IPHONEOS_DEPLOYMENT_TARGET = 9.2;
				MTL_ENABLE_DEBUG_INFO = YES;
				ONLY_ACTIVE_ARCH = YES;
				SDKROOT = iphoneos;
				SWIFT_OPTIMIZATION_LEVEL = "-Onone";
				TARGETED_DEVICE_FAMILY = "1,2";
			};
			name = Debug;
		};
		EBB43DFC1C852C09000F6405 /* Release */ = {
			isa = XCBuildConfiguration;
			buildSettings = {
				ALWAYS_SEARCH_USER_PATHS = NO;
				CLANG_CXX_LANGUAGE_STANDARD = "gnu++0x";
				CLANG_CXX_LIBRARY = "libc++";
				CLANG_ENABLE_MODULES = YES;
				CLANG_ENABLE_OBJC_ARC = YES;
				CLANG_WARN_BOOL_CONVERSION = YES;
				CLANG_WARN_CONSTANT_CONVERSION = YES;
				CLANG_WARN_DIRECT_OBJC_ISA_USAGE = YES_ERROR;
				CLANG_WARN_EMPTY_BODY = YES;
				CLANG_WARN_ENUM_CONVERSION = YES;
				CLANG_WARN_INT_CONVERSION = YES;
				CLANG_WARN_OBJC_ROOT_CLASS = YES_ERROR;
				CLANG_WARN_UNREACHABLE_CODE = YES;
				CLANG_WARN__DUPLICATE_METHOD_MATCH = YES;
				CODE_SIGN_IDENTITY = "iPhone Developer: demizu.1203@gmail.com (F95LGT4RVR)";
				"CODE_SIGN_IDENTITY[sdk=iphoneos*]" = "iPhone Developer: demizu.1203@gmail.com (F95LGT4RVR)";
				COPY_PHASE_STRIP = NO;
				DEBUG_INFORMATION_FORMAT = "dwarf-with-dsym";
				ENABLE_NS_ASSERTIONS = NO;
				ENABLE_STRICT_OBJC_MSGSEND = YES;
				GCC_C_LANGUAGE_STANDARD = gnu99;
				GCC_NO_COMMON_BLOCKS = YES;
				GCC_WARN_64_TO_32_BIT_CONVERSION = YES;
				GCC_WARN_ABOUT_RETURN_TYPE = YES_ERROR;
				GCC_WARN_UNDECLARED_SELECTOR = YES;
				GCC_WARN_UNINITIALIZED_AUTOS = YES_AGGRESSIVE;
				GCC_WARN_UNUSED_FUNCTION = YES;
				GCC_WARN_UNUSED_VARIABLE = YES;
				IPHONEOS_DEPLOYMENT_TARGET = 9.2;
				MTL_ENABLE_DEBUG_INFO = NO;
				SDKROOT = iphoneos;
				TARGETED_DEVICE_FAMILY = "1,2";
				VALIDATE_PRODUCT = YES;
			};
			name = Release;
		};
		EBB43DFE1C852C09000F6405 /* Debug */ = {
			isa = XCBuildConfiguration;
			buildSettings = {
				ASSETCATALOG_COMPILER_APPICON_NAME = AppIcon;
				CLANG_ENABLE_MODULES = YES;
				CODE_SIGN_IDENTITY = "iPhone Developer";
				"CODE_SIGN_IDENTITY[sdk=iphoneos*]" = "iPhone Developer";
				INFOPLIST_FILE = Calculator/Info.plist;
				IPHONEOS_DEPLOYMENT_TARGET = 9.3;
				LD_RUNPATH_SEARCH_PATHS = "$(inherited) @executable_path/Frameworks";
				PRODUCT_BUNDLE_IDENTIFIER = com.mycompany.1.0.Calculator;
				PRODUCT_NAME = "$(TARGET_NAME)";
				PROVISIONING_PROFILE = "";
				STRIP_INSTALLED_PRODUCT = YES;
				SWIFT_OPTIMIZATION_LEVEL = "-Onone";
				TARGETED_DEVICE_FAMILY = "1,2";
			};
			name = Debug;
		};
		EBB43DFF1C852C09000F6405 /* Release */ = {
			isa = XCBuildConfiguration;
			buildSettings = {
				ASSETCATALOG_COMPILER_APPICON_NAME = AppIcon;
				CLANG_ENABLE_MODULES = YES;
				CODE_SIGN_IDENTITY = "iPhone Developer";
				"CODE_SIGN_IDENTITY[sdk=iphoneos*]" = "iPhone Developer";
				INFOPLIST_FILE = Calculator/Info.plist;
				IPHONEOS_DEPLOYMENT_TARGET = 9.3;
				LD_RUNPATH_SEARCH_PATHS = "$(inherited) @executable_path/Frameworks";
				PRODUCT_BUNDLE_IDENTIFIER = com.mycompany.1.0.Calculator;
				PRODUCT_NAME = "$(TARGET_NAME)";
				PROVISIONING_PROFILE = "";
				STRIP_INSTALLED_PRODUCT = YES;
				TARGETED_DEVICE_FAMILY = "1,2";
			};
			name = Release;
		};
/* End XCBuildConfiguration section */

/* Begin XCConfigurationList section */
		EBB43DE61C852C09000F6405 /* Build configuration list for PBXProject "Calculator" */ = {
			isa = XCConfigurationList;
			buildConfigurations = (
				EBB43DFB1C852C09000F6405 /* Debug */,
				EBB43DFC1C852C09000F6405 /* Release */,
			);
			defaultConfigurationIsVisible = 0;
			defaultConfigurationName = Release;
		};
		EBB43DFD1C852C09000F6405 /* Build configuration list for PBXNativeTarget "Calculator" */ = {
			isa = XCConfigurationList;
			buildConfigurations = (
				EBB43DFE1C852C09000F6405 /* Debug */,
				EBB43DFF1C852C09000F6405 /* Release */,
			);
			defaultConfigurationIsVisible = 0;
			defaultConfigurationName = Release;
		};
/* End XCConfigurationList section */
	};
	rootObject = EBB43DE31C852C09000F6405 /* Project object */;
}
